
Microsoft Visual Studio Solution File, Format Version 12.00
# Visual Studio 15
VisualStudioVersion = 15.0.28307.779
MinimumVisualStudioVersion = 10.0.40219.1
Project("{FAE04EC0-301F-11D3-BF4B-00C04F79EFBC}") = "ISMFirstConsoleProject", "ISMFirstConsoleProject\ISMFirstConsoleProject.csproj", "{794B8F39-B253-4E1B-839B-04E4C141F4B7}"
EndProject
Project("{FAE04EC0-301F-11D3-BF4B-00C04F79EFBC}") = "ISMSecondConsoleProject", "ISMSecondConsoleProject\ISMSecondConsoleProject.csproj", "{6A383EC3-772C-49B7-9FDA-72B416BE73E8}"
EndProject
Global
	GlobalSection(SolutionConfigurationPlatforms) = preSolution
		Debug|Any CPU = Debug|Any CPU
		Release|Any CPU = Release|Any CPU
	EndGlobalSection
	GlobalSection(ProjectConfigurationPlatforms) = postSolution
		{794B8F39-B253-4E1B-839B-04E4C141F4B7}.Debug|Any CPU.ActiveCfg = Debug|Any CPU
		{794B8F39-B253-4E1B-839B-04E4C141F4B7}.Debug|Any CPU.Build.0 = Debug|Any CPU
		{794B8F39-B253-4E1B-839B-04E4C141F4B7}.Release|Any CPU.ActiveCfg = Release|Any CPU
		{794B8F39-B253-4E1B-839B-04E4C141F4B7}.Release|Any CPU.Build.0 = Release|Any CPU
		{6A383EC3-772C-49B7-9FDA-72B416BE73E8}.Debug|Any CPU.ActiveCfg = Debug|Any CPU
		{6A383EC3-772C-49B7-9FDA-72B416BE73E8}.Debug|Any CPU.Build.0 = Debug|Any CPU
		{6A383EC3-772C-49B7-9FDA-72B416BE73E8}.Release|Any CPU.ActiveCfg = Release|Any CPU
		{6A383EC3-772C-49B7-9FDA-72B416BE73E8}.Release|Any CPU.Build.0 = Release|Any CPU
	EndGlobalSection
	GlobalSection(SolutionProperties) = preSolution
		HideSolutionNode = FALSE
	EndGlobalSection
	GlobalSection(ExtensibilityGlobals) = postSolution
		SolutionGuid = {8CAECD17-6C21-4324-B213-831CA6439DC9}
	EndGlobalSection
EndGlobal
